
Microsoft Visual Studio Solution File, Format Version 12.00
# Visual Studio 15
VisualStudioVersion = 15.0.27004.2002
MinimumVisualStudioVersion = 10.0.40219.1
Project("{FAE04EC0-301F-11D3-BF4B-00C04F79EFBC}") = "Maze", "Maze\Maze.csproj", "{C4BFC2ED-EE39-493E-B5C6-44BB66435DEA}"
EndProject
Global
	GlobalSection(SolutionConfigurationPlatforms) = preSolution
		Debug|Any CPU = Debug|Any CPU
		Release|Any CPU = Release|Any CPU
	EndGlobalSection
	GlobalSection(ProjectConfigurationPlatforms) = postSolution
		{C4BFC2ED-EE39-493E-B5C6-44BB66435DEA}.Debug|Any CPU.ActiveCfg = Debug|Any CPU
		{C4BFC2ED-EE39-493E-B5C6-44BB66435DEA}.Debug|Any CPU.Build.0 = Debug|Any CPU
		{C4BFC2ED-EE39-493E-B5C6-44BB66435DEA}.Release|Any CPU.ActiveCfg = Release|Any CPU
		{C4BFC2ED-EE39-493E-B5C6-44BB66435DEA}.Release|Any CPU.Build.0 = Release|Any CPU
	EndGlobalSection
	GlobalSection(SolutionProperties) = preSolution
		HideSolutionNode = FALSE
	EndGlobalSection
	GlobalSection(ExtensibilityGlobals) = postSolution
		SolutionGuid = {40EDB322-7E12-4984-9AC5-8BAB740A239B}
	EndGlobalSection
EndGlobal
